{
  "object": {
    "pins": [
      {
        "package": "OAuthSwift",
        "repositoryURL": "https://github.com/OAuthSwift/OAuthSwift.git",
        "state": {
          "branch": "master",
          "revision": "ec656d9ab13193702ef4ca79c1f9a42fc2be7316",
          "version": null
        }
      }
    ]
  },
  "version": 1
}
